{
  "nodes": {
    "flake-utils": {
      "inputs": {
        "systems": "systems"
      },
      "locked": {
        "lastModified": 1731533236,
        "narHash": "sha256-l0KFg5HjrsfsO/JpG+r7fRrqm12kzFHyUHqHCVpMMbI=",
        "owner": "numtide",
        "repo": "flake-utils",
        "rev": "11707dc2f618dd54ca8739b309ec4fc024de578b",
        "type": "github"
      },
      "original": {
        "owner": "numtide",
        "repo": "flake-utils",
        "type": "github"
      }
    },
    "gpu-screen-recorder": {
      "flake": false,
      "locked": {
        "lastModified": 1790129049,
        "narHash": "sha256-1bWCfwX28uzGZoxJDriKpUxPo6PAAO0gq3JU+Xc0N0k=",
        "ref": "refs/heads/master",
        "rev": "396526a908f8f1b9cb826a9187a2c9150f44d94d",
        "revCount": 1514,
        "type": "git",
        "url": "https://repo.dec05eba.com/gpu-screen-recorder"
      },
      "original": {
        "type": "git",
        "url": "https://repo.dec05eba.com/gpu-screen-recorder"
      }
    },
    "gpu-screen-recorder-notification": {
      "flake": false,
      "locked": {
        "lastModified": 1789175973,
        "narHash": "sha256-UmK9aDVsWgMZx9dCA0LFLmY0NLmhwh3O2VgztUzvPOs=",
        "ref": "refs/heads/master",
        "rev": "54bc6c8f139a5ff4025a4585d01c9e3f23894b72",
        "revCount": 114,
        "submodules": true,
        "type": "git",
        "url": "https://repo.dec05eba.com/gpu-screen-recorder-notification"
      },
      "original": {
        "submodules": true,
        "type": "git",
        "url": "https://repo.dec05eba.com/gpu-screen-recorder-notification"
      }
    },
    "gpu-screen-recorder-ui": {
      "flake": false,
      "locked": {
        "lastModified": 1790129086,
        "narHash": "sha256-mH/xSdsDHwokemGq2h/qaf/ImN3xlrZupcK+5ptXOns=",
        "ref": "refs/heads/master",
        "rev": "99c9da14757152423c6d9f8eae02963acfc24601",
        "revCount": 743,
        "submodules": true,
        "type": "git",
        "url": "https://repo.dec05eba.com/gpu-screen-recorder-ui"
      },
      "original": {
        "submodules": true,
        "type": "git",
        "url": "https://repo.dec05eba.com/gpu-screen-recorder-ui"
      }
    },
    "nixpkgs": {
      "locked": {
        "lastModified": 1777954456,
        "narHash": "sha256-hGdgeU2Nk87RAuZyYjyDjFL6LK7dAZN5RE9+hrDTkDU=",
        "owner": "NixOS",
        "repo": "nixpkgs",
        "rev": "549bd84d6279f9852cae6225e372cc67fb91a4c1",
        "type": "github"
      },
      "original": {
        "owner": "NixOS",
        "ref": "nixos-unstable",
        "repo": "nixpkgs",
        "type": "github"
      }
    },
    "root": {
      "inputs": {
        "flake-utils": "flake-utils",
        "gpu-screen-recorder": "gpu-screen-recorder",
        "gpu-screen-recorder-notification": "gpu-screen-recorder-notification",
        "gpu-screen-recorder-ui": "gpu-screen-recorder-ui",
        "nixpkgs": "nixpkgs"
      }
    },
    "systems": {
      "locked": {
        "lastModified": 1681028828,
        "narHash": "sha256-Vy1rq5AaRuLzOxct8nz4T6wlgyUR7zLU309k9mBC768=",
        "owner": "nix-systems",
        "repo": "default",
        "rev": "da67096a3b9bf56a91d16901293e51ba5b49a27e",
        "type": "github"
      },
      "original": {
        "owner": "nix-systems",
        "repo": "default",
        "type": "github"
      }
    }
  },
  "root": "root",
  "version": 7
}
